
Microsoft Visual Studio Solution File, Format Version 12.00
# Visual Studio Version 16
VisualStudioVersion = 16.0.29409.12
MinimumVisualStudioVersion = 10.0.40219.1
Project("{FAE04EC0-301F-11D3-BF4B-00C04F79EFBC}") = "StringBuilder", "StringBuilder\StringBuilder.csproj", "{15F13AE0-CB3C-4383-BACD-1A0803CE5DCD}"
EndProject
Global
	GlobalSection(SolutionConfigurationPlatforms) = preSolution
		Debug|Any CPU = Debug|Any CPU
		Release|Any CPU = Release|Any CPU
	EndGlobalSection
	GlobalSection(ProjectConfigurationPlatforms) = postSolution
		{15F13AE0-CB3C-4383-BACD-1A0803CE5DCD}.Debug|Any CPU.ActiveCfg = Debug|Any CPU
		{15F13AE0-CB3C-4383-BACD-1A0803CE5DCD}.Debug|Any CPU.Build.0 = Debug|Any CPU
		{15F13AE0-CB3C-4383-BACD-1A0803CE5DCD}.Release|Any CPU.ActiveCfg = Release|Any CPU
		{15F13AE0-CB3C-4383-BACD-1A0803CE5DCD}.Release|Any CPU.Build.0 = Release|Any CPU
	EndGlobalSection
	GlobalSection(SolutionProperties) = preSolution
		HideSolutionNode = FALSE
	EndGlobalSection
	GlobalSection(ExtensibilityGlobals) = postSolution
		SolutionGuid = {8932C88D-57BE-4F9F-AA99-8D3E94332EAA}
	EndGlobalSection
EndGlobal
